
Microsoft Visual Studio Solution File, Format Version 12.00
# Visual Studio Version 17
VisualStudioVersion = 17.4.33103.184
MinimumVisualStudioVersion = 10.0.40219.1
Project("{FAE04EC0-301F-11D3-BF4B-00C04F79EFBC}") = "MyBGList.Api", "MyBGList.Api\MyBGList.Api.csproj", "{FDE9F3EA-8342-4BF4-A672-2644D6923368}"
EndProject
Global
	GlobalSection(SolutionConfigurationPlatforms) = preSolution
		Debug|Any CPU = Debug|Any CPU
		Release|Any CPU = Release|Any CPU
	EndGlobalSection
	GlobalSection(ProjectConfigurationPlatforms) = postSolution
		{FDE9F3EA-8342-4BF4-A672-2644D6923368}.Debug|Any CPU.ActiveCfg = Debug|Any CPU
		{FDE9F3EA-8342-4BF4-A672-2644D6923368}.Debug|Any CPU.Build.0 = Debug|Any CPU
		{FDE9F3EA-8342-4BF4-A672-2644D6923368}.Release|Any CPU.ActiveCfg = Release|Any CPU
		{FDE9F3EA-8342-4BF4-A672-2644D6923368}.Release|Any CPU.Build.0 = Release|Any CPU
	EndGlobalSection
	GlobalSection(SolutionProperties) = preSolution
		HideSolutionNode = FALSE
	EndGlobalSection
	GlobalSection(ExtensibilityGlobals) = postSolution
		SolutionGuid = {8B7D4D7D-6A6D-4C5A-B5B8-B81C8601AFD0}
	EndGlobalSection
EndGlobal
